
Microsoft Visual Studio Solution File, Format Version 12.00
# Visual Studio 15
VisualStudioVersion = 15.0.28307.168
MinimumVisualStudioVersion = 10.0.40219.1
Project("{FAE04EC0-301F-11D3-BF4B-00C04F79EFBC}") = "Coding_Challenge", "Coding_Challenge\Coding_Challenge.csproj", "{C10589D2-4D6D-468C-B4E7-9D927C8EB55E}"
EndProject
Global
	GlobalSection(SolutionConfigurationPlatforms) = preSolution
		Debug|Any CPU = Debug|Any CPU
		Release|Any CPU = Release|Any CPU
	EndGlobalSection
	GlobalSection(ProjectConfigurationPlatforms) = postSolution
		{C10589D2-4D6D-468C-B4E7-9D927C8EB55E}.Debug|Any CPU.ActiveCfg = Debug|Any CPU
		{C10589D2-4D6D-468C-B4E7-9D927C8EB55E}.Debug|Any CPU.Build.0 = Debug|Any CPU
		{C10589D2-4D6D-468C-B4E7-9D927C8EB55E}.Release|Any CPU.ActiveCfg = Release|Any CPU
		{C10589D2-4D6D-468C-B4E7-9D927C8EB55E}.Release|Any CPU.Build.0 = Release|Any CPU
	EndGlobalSection
	GlobalSection(SolutionProperties) = preSolution
		HideSolutionNode = FALSE
	EndGlobalSection
	GlobalSection(ExtensibilityGlobals) = postSolution
		SolutionGuid = {3288FEB1-CADB-43E2-BD09-91F08FEE1D4C}
	EndGlobalSection
EndGlobal
